
Microsoft Visual Studio Solution File, Format Version 12.00
# Visual Studio Version 16
VisualStudioVersion = 16.0.31321.278
MinimumVisualStudioVersion = 10.0.40219.1
Project("{FAE04EC0-301F-11D3-BF4B-00C04F79EFBC}") = "ShutUpClient", "ShutUpClient\ShutUpClient.csproj", "{4DBCE18A-B08F-44E2-B1AE-71F9C9800C36}"
EndProject
Project("{FAE04EC0-301F-11D3-BF4B-00C04F79EFBC}") = "ShutUpServer", "ShutUpServer\ShutUpServer.csproj", "{F08A6E9B-38AE-4661-BD94-3BE306D84315}"
EndProject
Global
	GlobalSection(SolutionConfigurationPlatforms) = preSolution
		Debug|Any CPU = Debug|Any CPU
		Release|Any CPU = Release|Any CPU
	EndGlobalSection
	GlobalSection(ProjectConfigurationPlatforms) = postSolution
		{4DBCE18A-B08F-44E2-B1AE-71F9C9800C36}.Debug|Any CPU.ActiveCfg = Debug|Any CPU
		{4DBCE18A-B08F-44E2-B1AE-71F9C9800C36}.Debug|Any CPU.Build.0 = Debug|Any CPU
		{4DBCE18A-B08F-44E2-B1AE-71F9C9800C36}.Release|Any CPU.ActiveCfg = Release|Any CPU
		{4DBCE18A-B08F-44E2-B1AE-71F9C9800C36}.Release|Any CPU.Build.0 = Release|Any CPU
		{F08A6E9B-38AE-4661-BD94-3BE306D84315}.Debug|Any CPU.ActiveCfg = Debug|Any CPU
		{F08A6E9B-38AE-4661-BD94-3BE306D84315}.Debug|Any CPU.Build.0 = Debug|Any CPU
		{F08A6E9B-38AE-4661-BD94-3BE306D84315}.Release|Any CPU.ActiveCfg = Release|Any CPU
		{F08A6E9B-38AE-4661-BD94-3BE306D84315}.Release|Any CPU.Build.0 = Release|Any CPU
	EndGlobalSection
	GlobalSection(SolutionProperties) = preSolution
		HideSolutionNode = FALSE
	EndGlobalSection
	GlobalSection(ExtensibilityGlobals) = postSolution
		SolutionGuid = {9760F8B3-60DA-45C6-AA78-0D6F7EFA5015}
	EndGlobalSection
EndGlobal
